# THIS IS AN AUTOGENERATED FILE. DO NOT EDIT THIS FILE DIRECTLY.
# yarn lockfile v1


"@babel/code-frame@^7.28.6", "@babel/code-frame@^7.29.0":
  "integrity" "sha512-9NhCeYjq9+3uxgdtp20LSiJXJvN0FeCtNGpJxuMFZ1Kv3cWUNb6DOhJwUvcVCzKGR66cw4njwM6hrJLqgOwbcw=="
  "resolved" "https://registry.npmjs.org/@babel/code-frame/-/code-frame-7.29.0.tgz"
  "version" "7.29.0"
  dependencies:
    "@babel/helper-validator-identifier" "^7.28.5"
    "js-tokens" "^4.0.0"
    "picocolors" "^1.1.1"

"@babel/compat-data@^7.28.6":
  "integrity" "sha512-T1NCJqT/j9+cn8fvkt7jtwbLBfLC/1y1c7NtCeXFRgzGTsafi68MRv8yzkYSapBnFA6L3U2VSc02ciDzoAJhJg=="
  "resolved" "https://registry.npmjs.org/@babel/compat-data/-/compat-data-7.29.0.tgz"
  "version" "7.29.0"

"@babel/core@^7.0.0", "@babel/core@^7.0.0-0", "@babel/core@^7.28.0":
  "integrity" "sha512-CGOfOJqWjg2qW/Mb6zNsDm+u5vFQ8DxXfbM09z69p5Z6+mE1ikP2jUXw+j42Pf1XTYED2Rni5f95npYeuwMDQA=="
  "resolved" "https://registry.npmjs.org/@babel/core/-/core-7.29.0.tgz"
  "version" "7.29.0"
  dependencies:
    "@babel/code-frame" "^7.29.0"
    "@babel/generator" "^7.29.0"
    "@babel/helper-compilation-targets" "^7.28.6"
    "@babel/helper-module-transforms" "^7.28.6"
    "@babel/helpers" "^7.28.6"
    "@babel/parser" "^7.29.0"
    "@babel/template" "^7.28.6"
    "@babel/traverse" "^7.29.0"
    "@babel/types" "^7.29.0"
    "@jridgewell/remapping" "^2.3.5"
    "convert-source-map" "^2.0.0"
    "debug" "^4.1.0"
    "gensync" "^1.0.0-beta.2"
    "json5" "^2.2.3"
    "semver" "^6.3.1"

"@babel/generator@^7.29.0":
  "integrity" "sha512-qsaF+9Qcm2Qv8SRIMMscAvG4O3lJ0F1GuMo5HR/Bp02LopNgnZBC/EkbevHFeGs4ls/oPz9v+Bsmzbkbe+0dUw=="
  "resolved" "https://registry.npmjs.org/@babel/generator/-/generator-7.29.1.tgz"
  "version" "7.29.1"
  dependencies:
    "@babel/parser" "^7.29.0"
    "@babel/types" "^7.29.0"
    "@jridgewell/gen-mapping" "^0.3.12"
    "@jridgewell/trace-mapping" "^0.3.28"
    "jsesc" "^3.0.2"

"@babel/helper-compilation-targets@^7.28.6":
  "integrity" "sha512-JYtls3hqi15fcx5GaSNL7SCTJ2MNmjrkHXg4FSpOA/grxK8KwyZ5bubHsCq8FXCkua6xhuaaBit+3b7+VZRfcA=="
  "resolved" "https://registry.npmjs.org/@babel/helper-compilation-targets/-/helper-compilation-targets-7.28.6.tgz"
  "version" "7.28.6"
  dependencies:
    "@babel/compat-data" "^7.28.6"
    "@babel/helper-validator-option" "^7.27.1"
    "browserslist" "^4.24.0"
    "lru-cache" "^5.1.1"
    "semver" "^6.3.1"

"@babel/helper-globals@^7.28.0":
  "integrity" "sha512-+W6cISkXFa1jXsDEdYA8HeevQT/FULhxzR99pxphltZcVaugps53THCeiWA8SguxxpSp3gKPiuYfSWopkLQ4hw=="
  "resolved" "https://registry.npmjs.org/@babel/helper-globals/-/helper-globals-7.28.0.tgz"
  "version" "7.28.0"

"@babel/helper-module-imports@^7.28.6":
  "integrity" "sha512-l5XkZK7r7wa9LucGw9LwZyyCUscb4x37JWTPz7swwFE/0FMQAGpiWUZn8u9DzkSBWEcK25jmvubfpw2dnAMdbw=="
  "resolved" "https://registry.npmjs.org/@babel/helper-module-imports/-/helper-module-imports-7.28.6.tgz"
  "version" "7.28.6"
  dependencies:
    "@babel/traverse" "^7.28.6"
    "@babel/types" "^7.28.6"

"@babel/helper-module-transforms@^7.28.6":
  "integrity" "sha512-67oXFAYr2cDLDVGLXTEABjdBJZ6drElUSI7WKp70NrpyISso3plG9SAGEF6y7zbha/wOzUByWWTJvEDVNIUGcA=="
  "resolved" "https://registry.npmjs.org/@babel/helper-module-transforms/-/helper-module-transforms-7.28.6.tgz"
  "version" "7.28.6"
  dependencies:
    "@babel/helper-module-imports" "^7.28.6"
    "@babel/helper-validator-identifier" "^7.28.5"
    "@babel/traverse" "^7.28.6"

"@babel/helper-plugin-utils@^7.27.1":
  "integrity" "sha512-S9gzZ/bz83GRysI7gAD4wPT/AI3uCnY+9xn+Mx/KPs2JwHJIz1W8PZkg2cqyt3RNOBM8ejcXhV6y8Og7ly/Dug=="
  "resolved" "https://registry.npmjs.org/@babel/helper-plugin-utils/-/helper-plugin-utils-7.28.6.tgz"
  "version" "7.28.6"

"@babel/helper-string-parser@^7.27.1":
  "integrity" "sha512-qMlSxKbpRlAridDExk92nSobyDdpPijUq2DW6oDnUqd0iOGxmQjyqhMIihI9+zv4LPyZdRje2cavWPbCbWm3eA=="
  "resolved" "https://registry.npmjs.org/@babel/helper-string-parser/-/helper-string-parser-7.27.1.tgz"
  "version" "7.27.1"

"@babel/helper-validator-identifier@^7.28.5":
  "integrity" "sha512-qSs4ifwzKJSV39ucNjsvc6WVHs6b7S03sOh2OcHF9UHfVPqWWALUsNUVzhSBiItjRZoLHx7nIarVjqKVusUZ1Q=="
  "resolved" "https://registry.npmjs.org/@babel/helper-validator-identifier/-/helper-validator-identifier-7.28.5.tgz"
  "version" "7.28.5"

"@babel/helper-validator-option@^7.27.1":
  "integrity" "sha512-YvjJow9FxbhFFKDSuFnVCe2WxXk1zWc22fFePVNEaWJEu8IrZVlda6N0uHwzZrUM1il7NC9Mlp4MaJYbYd9JSg=="
  "resolved" "https://registry.npmjs.org/@babel/helper-validator-option/-/helper-validator-option-7.27.1.tgz"
  "version" "7.27.1"

"@babel/helpers@^7.28.6":
  "integrity" "sha512-HoGuUs4sCZNezVEKdVcwqmZN8GoHirLUcLaYVNBK2J0DadGtdcqgr3BCbvH8+XUo4NGjNl3VOtSjEKNzqfFgKw=="
  "resolved" "https://registry.npmjs.org/@babel/helpers/-/helpers-7.29.2.tgz"
  "version" "7.29.2"
  dependencies:
    "@babel/template" "^7.28.6"
    "@babel/types" "^7.29.0"

"@babel/parser@^7.1.0", "@babel/parser@^7.20.7", "@babel/parser@^7.28.6", "@babel/parser@^7.29.0":
  "integrity" "sha512-4GgRzy/+fsBa72/RZVJmGKPmZu9Byn8o4MoLpmNe1m8ZfYnz5emHLQz3U4gLud6Zwl0RZIcgiLD7Uq7ySFuDLA=="
  "resolved" "https://registry.npmjs.org/@babel/parser/-/parser-7.29.2.tgz"
  "version" "7.29.2"
  dependencies:
    "@babel/types" "^7.29.0"

"@babel/plugin-transform-react-jsx-self@^7.27.1":
  "integrity" "sha512-6UzkCs+ejGdZ5mFFC/OCUrv028ab2fp1znZmCZjAOBKiBK2jXD1O+BPSfX8X2qjJ75fZBMSnQn3Rq2mrBJK2mw=="
  "resolved" "https://registry.npmjs.org/@babel/plugin-transform-react-jsx-self/-/plugin-transform-react-jsx-self-7.27.1.tgz"
  "version" "7.27.1"
  dependencies:
    "@babel/helper-plugin-utils" "^7.27.1"

"@babel/plugin-transform-react-jsx-source@^7.27.1":
  "integrity" "sha512-zbwoTsBruTeKB9hSq73ha66iFeJHuaFkUbwvqElnygoNbj/jHRsSeokowZFN3CZ64IvEqcmmkVe89OPXc7ldAw=="
  "resolved" "https://registry.npmjs.org/@babel/plugin-transform-react-jsx-source/-/plugin-transform-react-jsx-source-7.27.1.tgz"
  "version" "7.27.1"
  dependencies:
    "@babel/helper-plugin-utils" "^7.27.1"

"@babel/template@^7.28.6":
  "integrity" "sha512-YA6Ma2KsCdGb+WC6UpBVFJGXL58MDA6oyONbjyF/+5sBgxY/dwkhLogbMT2GXXyU84/IhRw/2D1Os1B/giz+BQ=="
  "resolved" "https://registry.npmjs.org/@babel/template/-/template-7.28.6.tgz"
  "version" "7.28.6"
  dependencies:
    "@babel/code-frame" "^7.28.6"
    "@babel/parser" "^7.28.6"
    "@babel/types" "^7.28.6"

"@babel/traverse@^7.28.6", "@babel/traverse@^7.29.0":
  "integrity" "sha512-4HPiQr0X7+waHfyXPZpWPfWL/J7dcN1mx9gL6WdQVMbPnF3+ZhSMs8tCxN7oHddJE9fhNE7+lxdnlyemKfJRuA=="
  "resolved" "https://registry.npmjs.org/@babel/traverse/-/traverse-7.29.0.tgz"
  "version" "7.29.0"
  dependencies:
    "@babel/code-frame" "^7.29.0"
    "@babel/generator" "^7.29.0"
    "@babel/helper-globals" "^7.28.0"
    "@babel/parser" "^7.29.0"
    "@babel/template" "^7.28.6"
    "@babel/types" "^7.29.0"
    "debug" "^4.3.1"

"@babel/types@^7.0.0", "@babel/types@^7.20.7", "@babel/types@^7.28.2", "@babel/types@^7.28.6", "@babel/types@^7.29.0":
  "integrity" "sha512-LwdZHpScM4Qz8Xw2iKSzS+cfglZzJGvofQICy7W7v4caru4EaAmyUuO6BGrbyQ2mYV11W0U8j5mBhd14dd3B0A=="
  "resolved" "https://registry.npmjs.org/@babel/types/-/types-7.29.0.tgz"
  "version" "7.29.0"
  dependencies:
    "@babel/helper-string-parser" "^7.27.1"
    "@babel/helper-validator-identifier" "^7.28.5"

"@jridgewell/gen-mapping@^0.3.12", "@jridgewell/gen-mapping@^0.3.5":
  "integrity" "sha512-2kkt/7niJ6MgEPxF0bYdQ6etZaA+fQvDcLKckhy1yIQOzaoKjBBjSj63/aLVjYE3qhRt5dvM+uUyfCg6UKCBbA=="
  "resolved" "https://registry.npmjs.org/@jridgewell/gen-mapping/-/gen-mapping-0.3.13.tgz"
  "version" "0.3.13"
  dependencies:
    "@jridgewell/sourcemap-codec" "^1.5.0"
    "@jridgewell/trace-mapping" "^0.3.24"

"@jridgewell/remapping@^2.3.5":
  "integrity" "sha512-LI9u/+laYG4Ds1TDKSJW2YPrIlcVYOwi2fUC6xB43lueCjgxV4lffOCZCtYFiH6TNOX+tQKXx97T4IKHbhyHEQ=="
  "resolved" "https://registry.npmjs.org/@jridgewell/remapping/-/remapping-2.3.5.tgz"
  "version" "2.3.5"
  dependencies:
    "@jridgewell/gen-mapping" "^0.3.5"
    "@jridgewell/trace-mapping" "^0.3.24"

"@jridgewell/resolve-uri@^3.1.0":
  "integrity" "sha512-bRISgCIjP20/tbWSPWMEi54QVPRZExkuD9lJL+UIxUKtwVJA8wW1Trb1jMs1RFXo1CBTNZ/5hpC9QvmKWdopKw=="
  "resolved" "https://registry.npmjs.org/@jridgewell/resolve-uri/-/resolve-uri-3.1.2.tgz"
  "version" "3.1.2"

"@jridgewell/sourcemap-codec@^1.4.14", "@jridgewell/sourcemap-codec@^1.5.0", "@jridgewell/sourcemap-codec@^1.5.5":
  "integrity" "sha512-cYQ9310grqxueWbl+WuIUIaiUaDcj7WOq5fVhEljNVgRfOUhY9fy2zTvfoqWsnebh8Sl70VScFbICvJnLKB0Og=="
  "resolved" "https://registry.npmjs.org/@jridgewell/sourcemap-codec/-/sourcemap-codec-1.5.5.tgz"
  "version" "1.5.5"

"@jridgewell/trace-mapping@^0.3.24", "@jridgewell/trace-mapping@^0.3.28":
  "integrity" "sha512-zzNR+SdQSDJzc8joaeP8QQoCQr8NuYx2dIIytl1QeBEZHJ9uW6hebsrYgbz8hJwUQao3TWCMtmfV8Nu1twOLAw=="
  "resolved" "https://registry.npmjs.org/@jridgewell/trace-mapping/-/trace-mapping-0.3.31.tgz"
  "version" "0.3.31"
  dependencies:
    "@jridgewell/resolve-uri" "^3.1.0"
    "@jridgewell/sourcemap-codec" "^1.4.14"

"@rolldown/pluginutils@1.0.0-beta.27":
  "integrity" "sha512-+d0F4MKMCbeVUJwG96uQ4SgAznZNSq93I3V+9NHA4OpvqG8mRCpGdKmK8l/dl02h2CCDHwW2FqilnTyDcAnqjA=="
  "resolved" "https://registry.npmjs.org/@rolldown/pluginutils/-/pluginutils-1.0.0-beta.27.tgz"
  "version" "1.0.0-beta.27"

"@rollup/rollup-darwin-arm64@4.59.0":
  "integrity" "sha512-W2Psnbh1J8ZJw0xKAd8zdNgF9HRLkdWwwdWqubSVk0pUuQkoHnv7rx4GiF9rT4t5DIZGAsConRE3AxCdJ4m8rg=="
  "resolved" "https://registry.npmjs.org/@rollup/rollup-darwin-arm64/-/rollup-darwin-arm64-4.59.0.tgz"
  "version" "4.59.0"

"@tailwindcss/node@4.2.1":
  "integrity" "sha512-jlx6sLk4EOwO6hHe1oCGm1Q4AN/s0rSrTTPBGPM0/RQ6Uylwq17FuU8IeJJKEjtc6K6O07zsvP+gDO6MMWo7pg=="
  "resolved" "https://registry.npmjs.org/@tailwindcss/node/-/node-4.2.1.tgz"
  "version" "4.2.1"
  dependencies:
    "@jridgewell/remapping" "^2.3.5"
    "enhanced-resolve" "^5.19.0"
    "jiti" "^2.6.1"
    "lightningcss" "1.31.1"
    "magic-string" "^0.30.21"
    "source-map-js" "^1.2.1"
    "tailwindcss" "4.2.1"

"@tailwindcss/oxide@4.2.1":
  "integrity" "sha512-yv9jeEFWnjKCI6/T3Oq50yQEOqmpmpfzG1hcZsAOaXFQPfzWprWrlHSdGPEF3WQTi8zu8ohC9Mh9J470nT5pUw=="
  "resolved" "https://registry.npmjs.org/@tailwindcss/oxide/-/oxide-4.2.1.tgz"
  "version" "4.2.1"
  optionalDependencies:
    "@tailwindcss/oxide-android-arm64" "4.2.1"
    "@tailwindcss/oxide-darwin-arm64" "4.2.1"
    "@tailwindcss/oxide-darwin-x64" "4.2.1"
    "@tailwindcss/oxide-freebsd-x64" "4.2.1"
    "@tailwindcss/oxide-linux-arm-gnueabihf" "4.2.1"
    "@tailwindcss/oxide-linux-arm64-gnu" "4.2.1"
    "@tailwindcss/oxide-linux-arm64-musl" "4.2.1"
    "@tailwindcss/oxide-linux-x64-gnu" "4.2.1"
    "@tailwindcss/oxide-linux-x64-musl" "4.2.1"
    "@tailwindcss/oxide-wasm32-wasi" "4.2.1"
    "@tailwindcss/oxide-win32-arm64-msvc" "4.2.1"
    "@tailwindcss/oxide-win32-x64-msvc" "4.2.1"

"@tailwindcss/vite@^4.2.1":
  "integrity" "sha512-TBf2sJjYeb28jD2U/OhwdW0bbOsxkWPwQ7SrqGf9sVcoYwZj7rkXljroBO9wKBut9XnmQLXanuDUeqQK0lGg/w=="
  "resolved" "https://registry.npmjs.org/@tailwindcss/vite/-/vite-4.2.1.tgz"
  "version" "4.2.1"
  dependencies:
    "@tailwindcss/node" "4.2.1"
    "@tailwindcss/oxide" "4.2.1"
    "tailwindcss" "4.2.1"

"@types/babel__core@^7.20.5":
  "integrity" "sha512-qoQprZvz5wQFJwMDqeseRXWv3rqMvhgpbXFfVyWhbx9X47POIA6i/+dXefEmZKoAgOaTdaIgNSMqMIU61yRyzA=="
  "resolved" "https://registry.npmjs.org/@types/babel__core/-/babel__core-7.20.5.tgz"
  "version" "7.20.5"
  dependencies:
    "@babel/parser" "^7.20.7"
    "@babel/types" "^7.20.7"
    "@types/babel__generator" "*"
    "@types/babel__template" "*"
    "@types/babel__traverse" "*"

"@types/babel__generator@*":
  "integrity" "sha512-ufFd2Xi92OAVPYsy+P4n7/U7e68fex0+Ee8gSG9KX7eo084CWiQ4sdxktvdl0bOPupXtVJPY19zk6EwWqUQ8lg=="
  "resolved" "https://registry.npmjs.org/@types/babel__generator/-/babel__generator-7.27.0.tgz"
  "version" "7.27.0"
  dependencies:
    "@babel/types" "^7.0.0"

"@types/babel__template@*":
  "integrity" "sha512-h/NUaSyG5EyxBIp8YRxo4RMe2/qQgvyowRwVMzhYhBCONbW8PUsg4lkFMrhgZhUe5z3L3MiLDuvyJ/CaPa2A8A=="
  "resolved" "https://registry.npmjs.org/@types/babel__template/-/babel__template-7.4.4.tgz"
  "version" "7.4.4"
  dependencies:
    "@babel/parser" "^7.1.0"
    "@babel/types" "^7.0.0"

"@types/babel__traverse@*":
  "integrity" "sha512-8PvcXf70gTDZBgt9ptxJ8elBeBjcLOAcOtoO/mPJjtji1+CdGbHgm77om1GrsPxsiE+uXIpNSK64UYaIwQXd4Q=="
  "resolved" "https://registry.npmjs.org/@types/babel__traverse/-/babel__traverse-7.28.0.tgz"
  "version" "7.28.0"
  dependencies:
    "@babel/types" "^7.28.2"

"@types/estree@1.0.8":
  "integrity" "sha512-dWHzHa2WqEXI/O1E9OjrocMTKJl2mSrEolh1Iomrv6U+JuNwaHXsXx9bLu5gG7BUWFIN0skIQJQ/L1rIex4X6w=="
  "resolved" "https://registry.npmjs.org/@types/estree/-/estree-1.0.8.tgz"
  "version" "1.0.8"

"@vitejs/plugin-react@^4.7.0":
  "integrity" "sha512-gUu9hwfWvvEDBBmgtAowQCojwZmJ5mcLn3aufeCsitijs3+f2NsrPtlAWIR6OPiqljl96GVCUbLe0HyqIpVaoA=="
  "resolved" "https://registry.npmjs.org/@vitejs/plugin-react/-/plugin-react-4.7.0.tgz"
  "version" "4.7.0"
  dependencies:
    "@babel/core" "^7.28.0"
    "@babel/plugin-transform-react-jsx-self" "^7.27.1"
    "@babel/plugin-transform-react-jsx-source" "^7.27.1"
    "@rolldown/pluginutils" "1.0.0-beta.27"
    "@types/babel__core" "^7.20.5"
    "react-refresh" "^0.17.0"

"baseline-browser-mapping@^2.9.0":
  "integrity" "sha512-OZd0e2mU11ClX8+IdXe3r0dbqMEznRiT4TfbhYIbcRPZkqJ7Qwer8ij3GZAmLsRKa+II9V1v5czCkvmHH3XZBg=="
  "resolved" "https://registry.npmjs.org/baseline-browser-mapping/-/baseline-browser-mapping-2.10.9.tgz"
  "version" "2.10.9"

"browserslist@^4.24.0", "browserslist@>= 4.21.0":
  "integrity" "sha512-ZC5Bd0LgJXgwGqUknZY/vkUQ04r8NXnJZ3yYi4vDmSiZmC/pdSN0NbNRPxZpbtO4uAfDUAFffO8IZoM3Gj8IkA=="
  "resolved" "https://registry.npmjs.org/browserslist/-/browserslist-4.28.1.tgz"
  "version" "4.28.1"
  dependencies:
    "baseline-browser-mapping" "^2.9.0"
    "caniuse-lite" "^1.0.30001759"
    "electron-to-chromium" "^1.5.263"
    "node-releases" "^2.0.27"
    "update-browserslist-db" "^1.2.0"

"caniuse-lite@^1.0.30001759":
  "integrity" "sha512-llngX0E7nQci5BPJDqoZSbuZ5Bcs9F5db7EtgfwBerX9XGtkkiO4NwfDDIRzHTTwcYC8vC7bmeUEPGrKlR/TkQ=="
  "resolved" "https://registry.npmjs.org/caniuse-lite/-/caniuse-lite-1.0.30001780.tgz"
  "version" "1.0.30001780"

"convert-source-map@^2.0.0":
  "integrity" "sha512-Kvp459HrV2FEJ1CAsi1Ku+MY3kasH19TFykTz2xWmMeq6bk2NU3XXvfJ+Q61m0xktWwt+1HSYf3JZsTms3aRJg=="
  "resolved" "https://registry.npmjs.org/convert-source-map/-/convert-source-map-2.0.0.tgz"
  "version" "2.0.0"

"debug@^4.1.0", "debug@^4.3.1":
  "integrity" "sha512-RGwwWnwQvkVfavKVt22FGLw+xYSdzARwm0ru6DhTVA3umU5hZc28V3kO4stgYryrTlLpuvgI9GiijltAjNbcqA=="
  "resolved" "https://registry.npmjs.org/debug/-/debug-4.4.3.tgz"
  "version" "4.4.3"
  dependencies:
    "ms" "^2.1.3"

"detect-libc@^2.0.3":
  "integrity" "sha512-Btj2BOOO83o3WyH59e8MgXsxEQVcarkUOpEYrubB0urwnN10yQ364rsiByU11nZlqWYZm05i/of7io4mzihBtQ=="
  "resolved" "https://registry.npmjs.org/detect-libc/-/detect-libc-2.1.2.tgz"
  "version" "2.1.2"

"electron-to-chromium@^1.5.263":
  "integrity" "sha512-L2C7Q279W2D/J4PLZLk7sebOILDSWos7bMsMNN06rK482umHUrh/3lM8G7IlHFOYip2oAg5nha1rCMxr/rs6ZQ=="
  "resolved" "https://registry.npmjs.org/electron-to-chromium/-/electron-to-chromium-1.5.321.tgz"
  "version" "1.5.321"

"enhanced-resolve@^5.19.0":
  "integrity" "sha512-/ce7+jQ1PQ6rVXwe+jKEg5hW5ciicHwIQUagZkp6IufBoY3YDgdTTY1azVs0qoRgVmvsNB+rbjLJxDAeHHtwsQ=="
  "resolved" "https://registry.npmjs.org/enhanced-resolve/-/enhanced-resolve-5.20.0.tgz"
  "version" "5.20.0"
  dependencies:
    "graceful-fs" "^4.2.4"
    "tapable" "^2.3.0"

"esbuild@^0.25.0":
  "integrity" "sha512-bbPBYYrtZbkt6Os6FiTLCTFxvq4tt3JKall1vRwshA3fdVztsLAatFaZobhkBC8/BrPetoa0oksYoKXoG4ryJg=="
  "resolved" "https://registry.npmjs.org/esbuild/-/esbuild-0.25.12.tgz"
  "version" "0.25.12"
  optionalDependencies:
    "@esbuild/aix-ppc64" "0.25.12"
    "@esbuild/android-arm" "0.25.12"
    "@esbuild/android-arm64" "0.25.12"
    "@esbuild/android-x64" "0.25.12"
    "@esbuild/darwin-arm64" "0.25.12"
    "@esbuild/darwin-x64" "0.25.12"
    "@esbuild/freebsd-arm64" "0.25.12"
    "@esbuild/freebsd-x64" "0.25.12"
    "@esbuild/linux-arm" "0.25.12"
    "@esbuild/linux-arm64" "0.25.12"
    "@esbuild/linux-ia32" "0.25.12"
    "@esbuild/linux-loong64" "0.25.12"
    "@esbuild/linux-mips64el" "0.25.12"
    "@esbuild/linux-ppc64" "0.25.12"
    "@esbuild/linux-riscv64" "0.25.12"
    "@esbuild/linux-s390x" "0.25.12"
    "@esbuild/linux-x64" "0.25.12"
    "@esbuild/netbsd-arm64" "0.25.12"
    "@esbuild/netbsd-x64" "0.25.12"
    "@esbuild/openbsd-arm64" "0.25.12"
    "@esbuild/openbsd-x64" "0.25.12"
    "@esbuild/openharmony-arm64" "0.25.12"
    "@esbuild/sunos-x64" "0.25.12"
    "@esbuild/win32-arm64" "0.25.12"
    "@esbuild/win32-ia32" "0.25.12"
    "@esbuild/win32-x64" "0.25.12"

"escalade@^3.2.0":
  "integrity" "sha512-WUj2qlxaQtO4g6Pq5c29GTcWGDyd8itL8zTlipgECz3JesAiiOKotd8JU6otB3PACgG6xkJUyVhboMS+bje/jA=="
  "resolved" "https://registry.npmjs.org/escalade/-/escalade-3.2.0.tgz"
  "version" "3.2.0"

"fdir@^6.4.4", "fdir@^6.5.0":
  "integrity" "sha512-tIbYtZbucOs0BRGqPJkshJUYdL+SDH7dVM8gjy+ERp3WAUjLEFJE+02kanyHtwjWOnwrKYBiwAmM0p4kLJAnXg=="
  "resolved" "https://registry.npmjs.org/fdir/-/fdir-6.5.0.tgz"
  "version" "6.5.0"

"fsevents@~2.3.2", "fsevents@~2.3.3":
  "integrity" "sha512-5xoDfX+fL7faATnagmWPpbFtwh/R77WmMMqqHGS65C3vvB0YHrgF+B1YmZ3441tMj5n63k0212XNoJwzlhffQw=="
  "resolved" "https://registry.npmjs.org/fsevents/-/fsevents-2.3.3.tgz"
  "version" "2.3.3"

"gensync@^1.0.0-beta.2":
  "integrity" "sha512-3hN7NaskYvMDLQY55gnW3NQ+mesEAepTqlg+VEbj7zzqEMBVNhzcGYYeqFo/TlYz6eQiFcp1HcsCZO+nGgS8zg=="
  "resolved" "https://registry.npmjs.org/gensync/-/gensync-1.0.0-beta.2.tgz"
  "version" "1.0.0-beta.2"

"graceful-fs@^4.2.4":
  "integrity" "sha512-RbJ5/jmFcNNCcDV5o9eTnBLJ/HszWV0P73bc+Ff4nS/rJj+YaS6IGyiOL0VoBYX+l1Wrl3k63h/KrH+nhJ0XvQ=="
  "resolved" "https://registry.npmjs.org/graceful-fs/-/graceful-fs-4.2.11.tgz"
  "version" "4.2.11"

"jiti@^2.6.1", "jiti@>=1.21.0":
  "integrity" "sha512-ekilCSN1jwRvIbgeg/57YFh8qQDNbwDb9xT/qu2DAHbFFZUicIl4ygVaAvzveMhMVr3LnpSKTNnwt8PoOfmKhQ=="
  "resolved" "https://registry.npmjs.org/jiti/-/jiti-2.6.1.tgz"
  "version" "2.6.1"

"js-tokens@^4.0.0":
  "integrity" "sha512-RdJUflcE3cUzKiMqQgsCu06FPu9UdIJO0beYbPhHN4k6apgJtifcoCtT9bcxOpYBtpD2kCM6Sbzg4CausW/PKQ=="
  "resolved" "https://registry.npmjs.org/js-tokens/-/js-tokens-4.0.0.tgz"
  "version" "4.0.0"

"jsesc@^3.0.2":
  "integrity" "sha512-/sM3dO2FOzXjKQhJuo0Q173wf2KOo8t4I8vHy6lF9poUp7bKT0/NHE8fPX23PwfhnykfqnC2xRxOnVw5XuGIaA=="
  "resolved" "https://registry.npmjs.org/jsesc/-/jsesc-3.1.0.tgz"
  "version" "3.1.0"

"json5@^2.2.3":
  "integrity" "sha512-XmOWe7eyHYH14cLdVPoyg+GOH3rYX++KpzrylJwSW98t3Nk+U8XOl8FWKOgwtzdb8lXGf6zYwDUzeHMWfxasyg=="
  "resolved" "https://registry.npmjs.org/json5/-/json5-2.2.3.tgz"
  "version" "2.2.3"

"lightningcss-darwin-arm64@1.31.1":
  "integrity" "sha512-02uTEqf3vIfNMq3h/z2cJfcOXnQ0GRwQrkmPafhueLb2h7mqEidiCzkE4gBMEH65abHRiQvhdcQ+aP0D0g67sg=="
  "resolved" "https://registry.npmjs.org/lightningcss-darwin-arm64/-/lightningcss-darwin-arm64-1.31.1.tgz"
  "version" "1.31.1"

"lightningcss@^1.21.0", "lightningcss@1.31.1":
  "integrity" "sha512-l51N2r93WmGUye3WuFoN5k10zyvrVs0qfKBhyC5ogUQ6Ew6JUSswh78mbSO+IU3nTWsyOArqPCcShdQSadghBQ=="
  "resolved" "https://registry.npmjs.org/lightningcss/-/lightningcss-1.31.1.tgz"
  "version" "1.31.1"
  dependencies:
    "detect-libc" "^2.0.3"
  optionalDependencies:
    "lightningcss-android-arm64" "1.31.1"
    "lightningcss-darwin-arm64" "1.31.1"
    "lightningcss-darwin-x64" "1.31.1"
    "lightningcss-freebsd-x64" "1.31.1"
    "lightningcss-linux-arm-gnueabihf" "1.31.1"
    "lightningcss-linux-arm64-gnu" "1.31.1"
    "lightningcss-linux-arm64-musl" "1.31.1"
    "lightningcss-linux-x64-gnu" "1.31.1"
    "lightningcss-linux-x64-musl" "1.31.1"
    "lightningcss-win32-arm64-msvc" "1.31.1"
    "lightningcss-win32-x64-msvc" "1.31.1"

"lru-cache@^5.1.1":
  "integrity" "sha512-KpNARQA3Iwv+jTA0utUVVbrh+Jlrr1Fv0e56GGzAFOXN7dk/FviaDW8LHmK52DlcH4WP2n6gI8vN1aesBFgo9w=="
  "resolved" "https://registry.npmjs.org/lru-cache/-/lru-cache-5.1.1.tgz"
  "version" "5.1.1"
  dependencies:
    "yallist" "^3.0.2"

"magic-string@^0.30.21":
  "integrity" "sha512-vd2F4YUyEXKGcLHoq+TEyCjxueSeHnFxyyjNp80yg0XV4vUhnDer/lvvlqM/arB5bXQN5K2/3oinyCRyx8T2CQ=="
  "resolved" "https://registry.npmjs.org/magic-string/-/magic-string-0.30.21.tgz"
  "version" "0.30.21"
  dependencies:
    "@jridgewell/sourcemap-codec" "^1.5.5"

"marked@^17.0.4":
  "integrity" "sha512-NOmVMM+KAokHMvjWmC5N/ZOvgmSWuqJB8FoYI019j4ogb/PeRMKoKIjReZ2w3376kkA8dSJIP8uD993Kxc0iRQ=="
  "resolved" "https://registry.npmjs.org/marked/-/marked-17.0.4.tgz"
  "version" "17.0.4"

"ms@^2.1.3":
  "integrity" "sha512-6FlzubTLZG3J2a/NVCAleEhjzq5oxgHyaCU9yYXvcLsvoVaHJq/s5xXI6/XXP6tz7R9xAOtHnSO/tXtF3WRTlA=="
  "resolved" "https://registry.npmjs.org/ms/-/ms-2.1.3.tgz"
  "version" "2.1.3"

"nanoid@^3.3.11":
  "integrity" "sha512-N8SpfPUnUp1bK+PMYW8qSWdl9U+wwNWI4QKxOYDy9JAro3WMX7p2OeVRF9v+347pnakNevPmiHhNmZ2HbFA76w=="
  "resolved" "https://registry.npmjs.org/nanoid/-/nanoid-3.3.11.tgz"
  "version" "3.3.11"

"node-releases@^2.0.27":
  "integrity" "sha512-TdC8FSgHz8Mwtw9g5L4gR/Sh9XhSP/0DEkQxfEFXOpiul5IiHgHan2VhYYb6agDSfp4KuvltmGApc8HMgUrIkA=="
  "resolved" "https://registry.npmjs.org/node-releases/-/node-releases-2.0.36.tgz"
  "version" "2.0.36"

"picocolors@^1.1.1":
  "integrity" "sha512-xceH2snhtb5M9liqDsmEw56le376mTZkEX/jEb/RxNFyegNul7eNslCXP9FDj/Lcu0X8KEyMceP2ntpaHrDEVA=="
  "resolved" "https://registry.npmjs.org/picocolors/-/picocolors-1.1.1.tgz"
  "version" "1.1.1"

"picomatch@^3 || ^4", "picomatch@^4.0.2", "picomatch@^4.0.3":
  "integrity" "sha512-5gTmgEY/sqK6gFXLIsQNH19lWb4ebPDLA4SdLP7dsWkIXHWlG66oPuVvXSGFPppYZz8ZDZq0dYYrbHfBCVUb1Q=="
  "resolved" "https://registry.npmjs.org/picomatch/-/picomatch-4.0.3.tgz"
  "version" "4.0.3"

"postcss@^8.5.3":
  "integrity" "sha512-OW/rX8O/jXnm82Ey1k44pObPtdblfiuWnrd8X7GJ7emImCOstunGbXUpp7HdBrFQX6rJzn3sPT397Wp5aCwCHg=="
  "resolved" "https://registry.npmjs.org/postcss/-/postcss-8.5.8.tgz"
  "version" "8.5.8"
  dependencies:
    "nanoid" "^3.3.11"
    "picocolors" "^1.1.1"
    "source-map-js" "^1.2.1"

"react-dom@^19.2.4":
  "integrity" "sha512-AXJdLo8kgMbimY95O2aKQqsz2iWi9jMgKJhRBAxECE4IFxfcazB2LmzloIoibJI3C12IlY20+KFaLv+71bUJeQ=="
  "resolved" "https://registry.npmjs.org/react-dom/-/react-dom-19.2.4.tgz"
  "version" "19.2.4"
  dependencies:
    "scheduler" "^0.27.0"

"react-refresh@^0.17.0":
  "integrity" "sha512-z6F7K9bV85EfseRCp2bzrpyQ0Gkw1uLoCel9XBVWPg/TjRj94SkJzUTGfOa4bs7iJvBWtQG0Wq7wnI0syw3EBQ=="
  "resolved" "https://registry.npmjs.org/react-refresh/-/react-refresh-0.17.0.tgz"
  "version" "0.17.0"

"react@^19.2.4":
  "integrity" "sha512-9nfp2hYpCwOjAN+8TZFGhtWEwgvWHXqESH8qT89AT/lWklpLON22Lc8pEtnpsZz7VmawabSU0gCjnj8aC0euHQ=="
  "resolved" "https://registry.npmjs.org/react/-/react-19.2.4.tgz"
  "version" "19.2.4"

"rollup@^4.34.9":
  "integrity" "sha512-2oMpl67a3zCH9H79LeMcbDhXW/UmWG/y2zuqnF2jQq5uq9TbM9TVyXvA4+t+ne2IIkBdrLpAaRQAvo7YI/Yyeg=="
  "resolved" "https://registry.npmjs.org/rollup/-/rollup-4.59.0.tgz"
  "version" "4.59.0"
  dependencies:
    "@types/estree" "1.0.8"
  optionalDependencies:
    "@rollup/rollup-android-arm-eabi" "4.59.0"
    "@rollup/rollup-android-arm64" "4.59.0"
    "@rollup/rollup-darwin-arm64" "4.59.0"
    "@rollup/rollup-darwin-x64" "4.59.0"
    "@rollup/rollup-freebsd-arm64" "4.59.0"
    "@rollup/rollup-freebsd-x64" "4.59.0"
    "@rollup/rollup-linux-arm-gnueabihf" "4.59.0"
    "@rollup/rollup-linux-arm-musleabihf" "4.59.0"
    "@rollup/rollup-linux-arm64-gnu" "4.59.0"
    "@rollup/rollup-linux-arm64-musl" "4.59.0"
    "@rollup/rollup-linux-loong64-gnu" "4.59.0"
    "@rollup/rollup-linux-loong64-musl" "4.59.0"
    "@rollup/rollup-linux-ppc64-gnu" "4.59.0"
    "@rollup/rollup-linux-ppc64-musl" "4.59.0"
    "@rollup/rollup-linux-riscv64-gnu" "4.59.0"
    "@rollup/rollup-linux-riscv64-musl" "4.59.0"
    "@rollup/rollup-linux-s390x-gnu" "4.59.0"
    "@rollup/rollup-linux-x64-gnu" "4.59.0"
    "@rollup/rollup-linux-x64-musl" "4.59.0"
    "@rollup/rollup-openbsd-x64" "4.59.0"
    "@rollup/rollup-openharmony-arm64" "4.59.0"
    "@rollup/rollup-win32-arm64-msvc" "4.59.0"
    "@rollup/rollup-win32-ia32-msvc" "4.59.0"
    "@rollup/rollup-win32-x64-gnu" "4.59.0"
    "@rollup/rollup-win32-x64-msvc" "4.59.0"
    "fsevents" "~2.3.2"

"scheduler@^0.27.0":
  "integrity" "sha512-eNv+WrVbKu1f3vbYJT/xtiF5syA5HPIMtf9IgY/nKg0sWqzAUEvqY/xm7OcZc/qafLx/iO9FgOmeSAp4v5ti/Q=="
  "resolved" "https://registry.npmjs.org/scheduler/-/scheduler-0.27.0.tgz"
  "version" "0.27.0"

"semver@^6.3.1":
  "integrity" "sha512-BR7VvDCVHO+q2xBEWskxS6DJE1qRnb7DxzUrogb71CWoSficBxYsiAGd+Kl0mmq/MprG9yArRkyrQxTO6XjMzA=="
  "resolved" "https://registry.npmjs.org/semver/-/semver-6.3.1.tgz"
  "version" "6.3.1"

"source-map-js@^1.2.1":
  "integrity" "sha512-UXWMKhLOwVKb728IUtQPXxfYU+usdybtUrK/8uGE8CQMvrhOpwvzDBwj0QhSL7MQc7vIsISBG8VQ8+IDQxpfQA=="
  "resolved" "https://registry.npmjs.org/source-map-js/-/source-map-js-1.2.1.tgz"
  "version" "1.2.1"

"tailwindcss@^4.2.1", "tailwindcss@4.2.1":
  "integrity" "sha512-/tBrSQ36vCleJkAOsy9kbNTgaxvGbyOamC30PRePTQe/o1MFwEKHQk4Cn7BNGaPtjp+PuUrByJehM1hgxfq4sw=="
  "resolved" "https://registry.npmjs.org/tailwindcss/-/tailwindcss-4.2.1.tgz"
  "version" "4.2.1"

"tapable@^2.3.0":
  "integrity" "sha512-g9ljZiwki/LfxmQADO3dEY1CbpmXT5Hm2fJ+QaGKwSXUylMybePR7/67YW7jOrrvjEgL1Fmz5kzyAjWVWLlucg=="
  "resolved" "https://registry.npmjs.org/tapable/-/tapable-2.3.0.tgz"
  "version" "2.3.0"

"tinyglobby@^0.2.13":
  "integrity" "sha512-j2Zq4NyQYG5XMST4cbs02Ak8iJUdxRM0XI5QyxXuZOzKOINmWurp3smXu3y5wDcJrptwpSjgXHzIQxR0omXljQ=="
  "resolved" "https://registry.npmjs.org/tinyglobby/-/tinyglobby-0.2.15.tgz"
  "version" "0.2.15"
  dependencies:
    "fdir" "^6.5.0"
    "picomatch" "^4.0.3"

"update-browserslist-db@^1.2.0":
  "integrity" "sha512-Js0m9cx+qOgDxo0eMiFGEueWztz+d4+M3rGlmKPT+T4IS/jP4ylw3Nwpu6cpTTP8R1MAC1kF4VbdLt3ARf209w=="
  "resolved" "https://registry.npmjs.org/update-browserslist-db/-/update-browserslist-db-1.2.3.tgz"
  "version" "1.2.3"
  dependencies:
    "escalade" "^3.2.0"
    "picocolors" "^1.1.1"

"vite@^4.2.0 || ^5.0.0 || ^6.0.0 || ^7.0.0", "vite@^5.2.0 || ^6 || ^7", "vite@^6.3.0":
  "integrity" "sha512-+Oxm7q9hDoLMyJOYfUYBuHQo+dkAloi33apOPP56pzj+vsdJDzr+j1NISE5pyaAuKL4A3UD34qd0lx5+kfKp2g=="
  "resolved" "https://registry.npmjs.org/vite/-/vite-6.4.1.tgz"
  "version" "6.4.1"
  dependencies:
    "esbuild" "^0.25.0"
    "fdir" "^6.4.4"
    "picomatch" "^4.0.2"
    "postcss" "^8.5.3"
    "rollup" "^4.34.9"
    "tinyglobby" "^0.2.13"
  optionalDependencies:
    "fsevents" "~2.3.3"

"yallist@^3.0.2":
  "integrity" "sha512-a4UGQaWPH59mOXUYnAG2ewncQS4i4F43Tv3JoAM+s2VDAmS9NsK8GpDMLrCHPksFT7h3K6TOoUNn2pb7RoXx4g=="
  "resolved" "https://registry.npmjs.org/yallist/-/yallist-3.1.1.tgz"
  "version" "3.1.1"
